// !$*UTF8*$!
{
	archiveVersion = 1;
	classes = {
	};
	objectVersion = 55;
	objects = {

/* Begin PBXBuildFile section */
		80C7CFB916E0F88DF60A5AC0 /* Pods_AbstractorLocal.framework in Frameworks */ = {isa = PBXBuildFile; fileRef = B43EB9D583A283A6CEB794C7 /* Pods_AbstractorLocal.framework */; };
		D961CCEF274035B800AFA90A /* AppDelegate.swift in Sources */ = {isa = PBXBuildFile; fileRef = D961CCEE274035B800AFA90A /* AppDelegate.swift */; };
		D961CCF1274035B800AFA90A /* SceneDelegate.swift in Sources */ = {isa = PBXBuildFile; fileRef = D961CCF0274035B800AFA90A /* SceneDelegate.swift */; };
		D961CCF3274035B800AFA90A /* ViewController.swift in Sources */ = {isa = PBXBuildFile; fileRef = D961CCF2274035B800AFA90A /* ViewController.swift */; };
		D961CCF6274035B800AFA90A /* Main.storyboard in Resources */ = {isa = PBXBuildFile; fileRef = D961CCF4274035B800AFA90A /* Main.storyboard */; };
		D961CCF9274035B800AFA90A /* AbstractorLocal.xcdatamodeld in Sources */ = {isa = PBXBuildFile; fileRef = D961CCF7274035B800AFA90A /* AbstractorLocal.xcdatamodeld */; };
		D961CCFB274035BC00AFA90A /* Assets.xcassets in Resources */ = {isa = PBXBuildFile; fileRef = D961CCFA274035BC00AFA90A /* Assets.xcassets */; };
		D961CCFE274035BC00AFA90A /* LaunchScreen.storyboard in Resources */ = {isa = PBXBuildFile; fileRef = D961CCFC274035BC00AFA90A /* LaunchScreen.storyboard */; };
		D961CD0627403EC300AFA90A /* ProUserPaymentViewController.swift in Sources */ = {isa = PBXBuildFile; fileRef = D961CD0527403EC300AFA90A /* ProUserPaymentViewController.swift */; };
		D961CD0827403ECD00AFA90A /* LoginViewController.swift in Sources */ = {isa = PBXBuildFile; fileRef = D961CD0727403ECD00AFA90A /* LoginViewController.swift */; };
		D961CD0A27403ED800AFA90A /* SignUpViewController.swift in Sources */ = {isa = PBXBuildFile; fileRef = D961CD0927403ED800AFA90A /* SignUpViewController.swift */; };
		D961CD0C27403F0C00AFA90A /* UsersViewController.swift in Sources */ = {isa = PBXBuildFile; fileRef = D961CD0B27403F0C00AFA90A /* UsersViewController.swift */; };
		D961CD1327403F1C00AFA90A /* Extension.swift in Sources */ = {isa = PBXBuildFile; fileRef = D961CD0D27403F1C00AFA90A /* Extension.swift */; };
		D961CD1427403F1C00AFA90A /* UIAlertControllerExtension.swift in Sources */ = {isa = PBXBuildFile; fileRef = D961CD0E27403F1C00AFA90A /* UIAlertControllerExtension.swift */; };
		D961CD1527403F1C00AFA90A /* StoryboardExtension.swift in Sources */ = {isa = PBXBuildFile; fileRef = D961CD0F27403F1C00AFA90A /* StoryboardExtension.swift */; };
		D961CD1627403F1C00AFA90A /* ViewControllerExtension.swift in Sources */ = {isa = PBXBuildFile; fileRef = D961CD1027403F1C00AFA90A /* ViewControllerExtension.swift */; };
		D961CD1727403F1C00AFA90A /* DateExtension.swift in Sources */ = {isa = PBXBuildFile; fileRef = D961CD1127403F1C00AFA90A /* DateExtension.swift */; };
		D961CD1827403F1C00AFA90A /* StringExtension.swift in Sources */ = {isa = PBXBuildFile; fileRef = D961CD1227403F1C00AFA90A /* StringExtension.swift */; };
		D961CD1A274043E000AFA90A /* Utility.swift in Sources */ = {isa = PBXBuildFile; fileRef = D961CD19274043E000AFA90A /* Utility.swift */; };
		D961CD1C2740498300AFA90A /* AfterLoginViewController.swift in Sources */ = {isa = PBXBuildFile; fileRef = D961CD1B2740498300AFA90A /* AfterLoginViewController.swift */; };
		D961CD1F2740E1D100AFA90A /* CryptoKit.framework in Frameworks */ = {isa = PBXBuildFile; fileRef = D961CD1E2740E1D100AFA90A /* CryptoKit.framework */; };
		D961CD2127413E1600AFA90A /* CardsViewController.swift in Sources */ = {isa = PBXBuildFile; fileRef = D961CD2027413E1600AFA90A /* CardsViewController.swift */; };
/* End PBXBuildFile section */

/* Begin PBXFileReference section */
		104E4EE20EFC80603764C75B /* Pods-AbstractorLocal.debug.xcconfig */ = {isa = PBXFileReference; includeInIndex = 1; lastKnownFileType = text.xcconfig; name = "Pods-AbstractorLocal.debug.xcconfig"; path = "Target Support Files/Pods-AbstractorLocal/Pods-AbstractorLocal.debug.xcconfig"; sourceTree = "<group>"; };
		56ECF90F6E5BDA5638D34E26 /* Pods-AbstractorLocal.release.xcconfig */ = {isa = PBXFileReference; includeInIndex = 1; lastKnownFileType = text.xcconfig; name = "Pods-AbstractorLocal.release.xcconfig"; path = "Target Support Files/Pods-AbstractorLocal/Pods-AbstractorLocal.release.xcconfig"; sourceTree = "<group>"; };
		B43EB9D583A283A6CEB794C7 /* Pods_AbstractorLocal.framework */ = {isa = PBXFileReference; explicitFileType = wrapper.framework; includeInIndex = 0; path = Pods_AbstractorLocal.framework; sourceTree = BUILT_PRODUCTS_DIR; };
		D961CCEB274035B800AFA90A /* AbstractorLocal.app */ = {isa = PBXFileReference; explicitFileType = wrapper.application; includeInIndex = 0; path = AbstractorLocal.app; sourceTree = BUILT_PRODUCTS_DIR; };
		D961CCEE274035B800AFA90A /* AppDelegate.swift */ = {isa = PBXFileReference; lastKnownFileType = sourcecode.swift; path = AppDelegate.swift; sourceTree = "<group>"; };
		D961CCF0274035B800AFA90A /* SceneDelegate.swift */ = {isa = PBXFileReference; lastKnownFileType = sourcecode.swift; path = SceneDelegate.swift; sourceTree = "<group>"; };
		D961CCF2274035B800AFA90A /* ViewController.swift */ = {isa = PBXFileReference; lastKnownFileType = sourcecode.swift; path = ViewController.swift; sourceTree = "<group>"; };
		D961CCF5274035B800AFA90A /* Base */ = {isa = PBXFileReference; lastKnownFileType = file.storyboard; name = Base; path = Base.lproj/Main.storyboard; sourceTree = "<group>"; };
		D961CCF8274035B800AFA90A /* AbstractorLocal.xcdatamodel */ = {isa = PBXFileReference; lastKnownFileType = wrapper.xcdatamodel; path = AbstractorLocal.xcdatamodel; sourceTree = "<group>"; };
		D961CCFA274035BC00AFA90A /* Assets.xcassets */ = {isa = PBXFileReference; lastKnownFileType = folder.assetcatalog; path = Assets.xcassets; sourceTree = "<group>"; };
		D961CCFD274035BC00AFA90A /* Base */ = {isa = PBXFileReference; lastKnownFileType = file.storyboard; name = Base; path = Base.lproj/LaunchScreen.storyboard; sourceTree = "<group>"; };
		D961CCFF274035BC00AFA90A /* Info.plist */ = {isa = PBXFileReference; lastKnownFileType = text.plist.xml; path = Info.plist; sourceTree = "<group>"; };
		D961CD0527403EC300AFA90A /* ProUserPaymentViewController.swift */ = {isa = PBXFileReference; fileEncoding = 4; lastKnownFileType = sourcecode.swift; path = ProUserPaymentViewController.swift; sourceTree = "<group>"; };
		D961CD0727403ECD00AFA90A /* LoginViewController.swift */ = {isa = PBXFileReference; fileEncoding = 4; lastKnownFileType = sourcecode.swift; path = LoginViewController.swift; sourceTree = "<group>"; };
		D961CD0927403ED800AFA90A /* SignUpViewController.swift */ = {isa = PBXFileReference; fileEncoding = 4; lastKnownFileType = sourcecode.swift; path = SignUpViewController.swift; sourceTree = "<group>"; };
		D961CD0B27403F0C00AFA90A /* UsersViewController.swift */ = {isa = PBXFileReference; fileEncoding = 4; lastKnownFileType = sourcecode.swift; path = UsersViewController.swift; sourceTree = "<group>"; };
		D961CD0D27403F1C00AFA90A /* Extension.swift */ = {isa = PBXFileReference; fileEncoding = 4; lastKnownFileType = sourcecode.swift; path = Extension.swift; sourceTree = "<group>"; };
		D961CD0E27403F1C00AFA90A /* UIAlertControllerExtension.swift */ = {isa = PBXFileReference; fileEncoding = 4; lastKnownFileType = sourcecode.swift; path = UIAlertControllerExtension.swift; sourceTree = "<group>"; };
		D961CD0F27403F1C00AFA90A /* StoryboardExtension.swift */ = {isa = PBXFileReference; fileEncoding = 4; lastKnownFileType = sourcecode.swift; path = StoryboardExtension.swift; sourceTree = "<group>"; };
		D961CD1027403F1C00AFA90A /* ViewControllerExtension.swift */ = {isa = PBXFileReference; fileEncoding = 4; lastKnownFileType = sourcecode.swift; path = ViewControllerExtension.swift; sourceTree = "<group>"; };
		D961CD1127403F1C00AFA90A /* DateExtension.swift */ = {isa = PBXFileReference; fileEncoding = 4; lastKnownFileType = sourcecode.swift; path = DateExtension.swift; sourceTree = "<group>"; };
		D961CD1227403F1C00AFA90A /* StringExtension.swift */ = {isa = PBXFileReference; fileEncoding = 4; lastKnownFileType = sourcecode.swift; path = StringExtension.swift; sourceTree = "<group>"; };
		D961CD19274043E000AFA90A /* Utility.swift */ = {isa = PBXFileReference; lastKnownFileType = sourcecode.swift; path = Utility.swift; sourceTree = "<group>"; };
		D961CD1B2740498300AFA90A /* AfterLoginViewController.swift */ = {isa = PBXFileReference; lastKnownFileType = sourcecode.swift; path = AfterLoginViewController.swift; sourceTree = "<group>"; };
		D961CD1E2740E1D100AFA90A /* CryptoKit.framework */ = {isa = PBXFileReference; lastKnownFileType = wrapper.framework; name = CryptoKit.framework; path = System/Library/Frameworks/CryptoKit.framework; sourceTree = SDKROOT; };
		D961CD2027413E1600AFA90A /* CardsViewController.swift */ = {isa = PBXFileReference; lastKnownFileType = sourcecode.swift; path = CardsViewController.swift; sourceTree = "<group>"; };
/* End PBXFileReference section */

/* Begin PBXFrameworksBuildPhase section */
		D961CCE8274035B800AFA90A /* Frameworks */ = {
			isa = PBXFrameworksBuildPhase;
			buildActionMask = 2147483647;
			files = (
				D961CD1F2740E1D100AFA90A /* CryptoKit.framework in Frameworks */,
				80C7CFB916E0F88DF60A5AC0 /* Pods_AbstractorLocal.framework in Frameworks */,
			);
			runOnlyForDeploymentPostprocessing = 0;
		};
/* End PBXFrameworksBuildPhase section */

/* Begin PBXGroup section */
		24B68C6B2CE8D8B70E8F8C91 /* Pods */ = {
			isa = PBXGroup;
			children = (
				104E4EE20EFC80603764C75B /* Pods-AbstractorLocal.debug.xcconfig */,
				56ECF90F6E5BDA5638D34E26 /* Pods-AbstractorLocal.release.xcconfig */,
			);
			name = Pods;
			path = Pods;
			sourceTree = "<group>";
		};
		D961CCE2274035B800AFA90A = {
			isa = PBXGroup;
			children = (
				D961CCED274035B800AFA90A /* AbstractorLocal */,
				D961CCEC274035B800AFA90A /* Products */,
				D961CD1D2740E1D100AFA90A /* Frameworks */,
				24B68C6B2CE8D8B70E8F8C91 /* Pods */,
			);
			sourceTree = "<group>";
		};
		D961CCEC274035B800AFA90A /* Products */ = {
			isa = PBXGroup;
			children = (
				D961CCEB274035B800AFA90A /* AbstractorLocal.app */,
			);
			name = Products;
			sourceTree = "<group>";
		};
		D961CCED274035B800AFA90A /* AbstractorLocal */ = {
			isa = PBXGroup;
			children = (
				D961CCEE274035B800AFA90A /* AppDelegate.swift */,
				D961CCF0274035B800AFA90A /* SceneDelegate.swift */,
				D961CCF2274035B800AFA90A /* ViewController.swift */,
				D961CD19274043E000AFA90A /* Utility.swift */,
				D961CD0527403EC300AFA90A /* ProUserPaymentViewController.swift */,
				D961CD0727403ECD00AFA90A /* LoginViewController.swift */,
				D961CD1B2740498300AFA90A /* AfterLoginViewController.swift */,
				D961CD0927403ED800AFA90A /* SignUpViewController.swift */,
				D961CD2027413E1600AFA90A /* CardsViewController.swift */,
				D961CD0B27403F0C00AFA90A /* UsersViewController.swift */,
				D961CD1127403F1C00AFA90A /* DateExtension.swift */,
				D961CD0D27403F1C00AFA90A /* Extension.swift */,
				D961CD0F27403F1C00AFA90A /* StoryboardExtension.swift */,
				D961CD1227403F1C00AFA90A /* StringExtension.swift */,
				D961CD0E27403F1C00AFA90A /* UIAlertControllerExtension.swift */,
				D961CD1027403F1C00AFA90A /* ViewControllerExtension.swift */,
				D961CCF4274035B800AFA90A /* Main.storyboard */,
				D961CCFA274035BC00AFA90A /* Assets.xcassets */,
				D961CCFC274035BC00AFA90A /* LaunchScreen.storyboard */,
				D961CCFF274035BC00AFA90A /* Info.plist */,
				D961CCF7274035B800AFA90A /* AbstractorLocal.xcdatamodeld */,
			);
			path = AbstractorLocal;
			sourceTree = "<group>";
		};
		D961CD1D2740E1D100AFA90A /* Frameworks */ = {
			isa = PBXGroup;
			children = (
				D961CD1E2740E1D100AFA90A /* CryptoKit.framework */,
				B43EB9D583A283A6CEB794C7 /* Pods_AbstractorLocal.framework */,
			);
			name = Frameworks;
			sourceTree = "<group>";
		};
/* End PBXGroup section */

/* Begin PBXNativeTarget section */
		D961CCEA274035B800AFA90A /* AbstractorLocal */ = {
			isa = PBXNativeTarget;
			buildConfigurationList = D961CD02274035BC00AFA90A /* Build configuration list for PBXNativeTarget "AbstractorLocal" */;
			buildPhases = (
				965678588E351296DF399516 /* [CP] Check Pods Manifest.lock */,
				D961CCE7274035B800AFA90A /* Sources */,
				D961CCE8274035B800AFA90A /* Frameworks */,
				D961CCE9274035B800AFA90A /* Resources */,
				71E303F3C1A3F9E32CB0DF63 /* [CP] Embed Pods Frameworks */,
			);
			buildRules = (
			);
			dependencies = (
			);
			name = AbstractorLocal;
			productName = AbstractorLocal;
			productReference = D961CCEB274035B800AFA90A /* AbstractorLocal.app */;
			productType = "com.apple.product-type.application";
		};
/* End PBXNativeTarget section */

/* Begin PBXProject section */
		D961CCE3274035B800AFA90A /* Project object */ = {
			isa = PBXProject;
			attributes = {
				BuildIndependentTargetsInParallel = 1;
				LastSwiftUpdateCheck = 1310;
				LastUpgradeCheck = 1310;
				TargetAttributes = {
					D961CCEA274035B800AFA90A = {
						CreatedOnToolsVersion = 13.1;
					};
				};
			};
			buildConfigurationList = D961CCE6274035B800AFA90A /* Build configuration list for PBXProject "AbstractorLocal" */;
			compatibilityVersion = "Xcode 13.0";
			developmentRegion = en;
			hasScannedForEncodings = 0;
			knownRegions = (
				en,
				Base,
			);
			mainGroup = D961CCE2274035B800AFA90A;
			productRefGroup = D961CCEC274035B800AFA90A /* Products */;
			projectDirPath = "";
			projectRoot = "";
			targets = (
				D961CCEA274035B800AFA90A /* AbstractorLocal */,
			);
		};
/* End PBXProject section */

/* Begin PBXResourcesBuildPhase section */
		D961CCE9274035B800AFA90A /* Resources */ = {
			isa = PBXResourcesBuildPhase;
			buildActionMask = 2147483647;
			files = (
				D961CCFE274035BC00AFA90A /* LaunchScreen.storyboard in Resources */,
				D961CCFB274035BC00AFA90A /* Assets.xcassets in Resources */,
				D961CCF6274035B800AFA90A /* Main.storyboard in Resources */,
			);
			runOnlyForDeploymentPostprocessing = 0;
		};
/* End PBXResourcesBuildPhase section */

/* Begin PBXShellScriptBuildPhase section */
		71E303F3C1A3F9E32CB0DF63 /* [CP] Embed Pods Frameworks */ = {
			isa = PBXShellScriptBuildPhase;
			buildActionMask = 2147483647;
			files = (
			);
			inputFileListPaths = (
				"${PODS_ROOT}/Target Support Files/Pods-AbstractorLocal/Pods-AbstractorLocal-frameworks-${CONFIGURATION}-input-files.xcfilelist",
			);
			name = "[CP] Embed Pods Frameworks";
			outputFileListPaths = (
				"${PODS_ROOT}/Target Support Files/Pods-AbstractorLocal/Pods-AbstractorLocal-frameworks-${CONFIGURATION}-output-files.xcfilelist",
			);
			runOnlyForDeploymentPostprocessing = 0;
			shellPath = /bin/sh;
			shellScript = "\"${PODS_ROOT}/Target Support Files/Pods-AbstractorLocal/Pods-AbstractorLocal-frameworks.sh\"\n";
			showEnvVarsInLog = 0;
		};
		965678588E351296DF399516 /* [CP] Check Pods Manifest.lock */ = {
			isa = PBXShellScriptBuildPhase;
			buildActionMask = 2147483647;
			files = (
			);
			inputFileListPaths = (
			);
			inputPaths = (
				"${PODS_PODFILE_DIR_PATH}/Podfile.lock",
				"${PODS_ROOT}/Manifest.lock",
			);
			name = "[CP] Check Pods Manifest.lock";
			outputFileListPaths = (
			);
			outputPaths = (
				"$(DERIVED_FILE_DIR)/Pods-AbstractorLocal-checkManifestLockResult.txt",
			);
			runOnlyForDeploymentPostprocessing = 0;
			shellPath = /bin/sh;
			shellScript = "diff \"${PODS_PODFILE_DIR_PATH}/Podfile.lock\" \"${PODS_ROOT}/Manifest.lock\" > /dev/null\nif [ $? != 0 ] ; then\n    # print error to STDERR\n    echo \"error: The sandbox is not in sync with the Podfile.lock. Run 'pod install' or update your CocoaPods installation.\" >&2\n    exit 1\nfi\n# This output is used by Xcode 'outputs' to avoid re-running this script phase.\necho \"SUCCESS\" > \"${SCRIPT_OUTPUT_FILE_0}\"\n";
			showEnvVarsInLog = 0;
		};
/* End PBXShellScriptBuildPhase section */

/* Begin PBXSourcesBuildPhase section */
		D961CCE7274035B800AFA90A /* Sources */ = {
			isa = PBXSourcesBuildPhase;
			buildActionMask = 2147483647;
			files = (
				D961CD1527403F1C00AFA90A /* StoryboardExtension.swift in Sources */,
				D961CD0827403ECD00AFA90A /* LoginViewController.swift in Sources */,
				D961CD0A27403ED800AFA90A /* SignUpViewController.swift in Sources */,
				D961CD1C2740498300AFA90A /* AfterLoginViewController.swift in Sources */,
				D961CCF9274035B800AFA90A /* AbstractorLocal.xcdatamodeld in Sources */,
				D961CCF3274035B800AFA90A /* ViewController.swift in Sources */,
				D961CD1A274043E000AFA90A /* Utility.swift in Sources */,
				D961CD2127413E1600AFA90A /* CardsViewController.swift in Sources */,
				D961CD1727403F1C00AFA90A /* DateExtension.swift in Sources */,
				D961CD1427403F1C00AFA90A /* UIAlertControllerExtension.swift in Sources */,
				D961CCEF274035B800AFA90A /* AppDelegate.swift in Sources */,
				D961CD1827403F1C00AFA90A /* StringExtension.swift in Sources */,
				D961CD0C27403F0C00AFA90A /* UsersViewController.swift in Sources */,
				D961CD1627403F1C00AFA90A /* ViewControllerExtension.swift in Sources */,
				D961CCF1274035B800AFA90A /* SceneDelegate.swift in Sources */,
				D961CD1327403F1C00AFA90A /* Extension.swift in Sources */,
				D961CD0627403EC300AFA90A /* ProUserPaymentViewController.swift in Sources */,
			);
			runOnlyForDeploymentPostprocessing = 0;
		};
/* End PBXSourcesBuildPhase section */

/* Begin PBXVariantGroup section */
		D961CCF4274035B800AFA90A /* Main.storyboard */ = {
			isa = PBXVariantGroup;
			children = (
				D961CCF5274035B800AFA90A /* Base */,
			);
			name = Main.storyboard;
			sourceTree = "<group>";
		};
		D961CCFC274035BC00AFA90A /* LaunchScreen.storyboard */ = {
			isa = PBXVariantGroup;
			children = (
				D961CCFD274035BC00AFA90A /* Base */,
			);
			name = LaunchScreen.storyboard;
			sourceTree = "<group>";
		};
/* End PBXVariantGroup section */

/* Begin XCBuildConfiguration section */
		D961CD00274035BC00AFA90A /* Debug */ = {
			isa = XCBuildConfiguration;
			buildSettings = {
				ALWAYS_SEARCH_USER_PATHS = NO;
				CLANG_ANALYZER_NONNULL = YES;
				CLANG_ANALYZER_NUMBER_OBJECT_CONVERSION = YES_AGGRESSIVE;
				CLANG_CXX_LANGUAGE_STANDARD = "gnu++17";
				CLANG_CXX_LIBRARY = "libc++";
				CLANG_ENABLE_MODULES = YES;
				CLANG_ENABLE_OBJC_ARC = YES;
				CLANG_ENABLE_OBJC_WEAK = YES;
				CLANG_WARN_BLOCK_CAPTURE_AUTORELEASING = YES;
				CLANG_WARN_BOOL_CONVERSION = YES;
				CLANG_WARN_COMMA = YES;
				CLANG_WARN_CONSTANT_CONVERSION = YES;
				CLANG_WARN_DEPRECATED_OBJC_IMPLEMENTATIONS = YES;
				CLANG_WARN_DIRECT_OBJC_ISA_USAGE = YES_ERROR;
				CLANG_WARN_DOCUMENTATION_COMMENTS = YES;
				CLANG_WARN_EMPTY_BODY = YES;
				CLANG_WARN_ENUM_CONVERSION = YES;
				CLANG_WARN_INFINITE_RECURSION = YES;
				CLANG_WARN_INT_CONVERSION = YES;
				CLANG_WARN_NON_LITERAL_NULL_CONVERSION = YES;
				CLANG_WARN_OBJC_IMPLICIT_RETAIN_SELF = YES;
				CLANG_WARN_OBJC_LITERAL_CONVERSION = YES;
				CLANG_WARN_OBJC_ROOT_CLASS = YES_ERROR;
				CLANG_WARN_QUOTED_INCLUDE_IN_FRAMEWORK_HEADER = YES;
				CLANG_WARN_RANGE_LOOP_ANALYSIS = YES;
				CLANG_WARN_STRICT_PROTOTYPES = YES;
				CLANG_WARN_SUSPICIOUS_MOVE = YES;
				CLANG_WARN_UNGUARDED_AVAILABILITY = YES_AGGRESSIVE;
				CLANG_WARN_UNREACHABLE_CODE = YES;
				CLANG_WARN__DUPLICATE_METHOD_MATCH = YES;
				COPY_PHASE_STRIP = NO;
				DEBUG_INFORMATION_FORMAT = dwarf;
				ENABLE_STRICT_OBJC_MSGSEND = YES;
				ENABLE_TESTABILITY = YES;
				GCC_C_LANGUAGE_STANDARD = gnu11;
				GCC_DYNAMIC_NO_PIC = NO;
				GCC_NO_COMMON_BLOCKS = YES;
				GCC_OPTIMIZATION_LEVEL = 0;
				GCC_PREPROCESSOR_DEFINITIONS = (
					"DEBUG=1",
					"$(inherited)",
				);
				GCC_WARN_64_TO_32_BIT_CONVERSION = YES;
				GCC_WARN_ABOUT_RETURN_TYPE = YES_ERROR;
				GCC_WARN_UNDECLARED_SELECTOR = YES;
				GCC_WARN_UNINITIALIZED_AUTOS = YES_AGGRESSIVE;
				GCC_WARN_UNUSED_FUNCTION = YES;
				GCC_WARN_UNUSED_VARIABLE = YES;
				IPHONEOS_DEPLOYMENT_TARGET = 13.0;
				MTL_ENABLE_DEBUG_INFO = INCLUDE_SOURCE;
				MTL_FAST_MATH = YES;
				ONLY_ACTIVE_ARCH = YES;
				SDKROOT = iphoneos;
				SWIFT_ACTIVE_COMPILATION_CONDITIONS = DEBUG;
				SWIFT_OPTIMIZATION_LEVEL = "-Onone";
			};
			name = Debug;
		};
		D961CD01274035BC00AFA90A /* Release */ = {
			isa = XCBuildConfiguration;
			buildSettings = {
				ALWAYS_SEARCH_USER_PATHS = NO;
				CLANG_ANALYZER_NONNULL = YES;
				CLANG_ANALYZER_NUMBER_OBJECT_CONVERSION = YES_AGGRESSIVE;
				CLANG_CXX_LANGUAGE_STANDARD = "gnu++17";
				CLANG_CXX_LIBRARY = "libc++";
				CLANG_ENABLE_MODULES = YES;
				CLANG_ENABLE_OBJC_ARC = YES;
				CLANG_ENABLE_OBJC_WEAK = YES;
				CLANG_WARN_BLOCK_CAPTURE_AUTORELEASING = YES;
				CLANG_WARN_BOOL_CONVERSION = YES;
				CLANG_WARN_COMMA = YES;
				CLANG_WARN_CONSTANT_CONVERSION = YES;
				CLANG_WARN_DEPRECATED_OBJC_IMPLEMENTATIONS = YES;
				CLANG_WARN_DIRECT_OBJC_ISA_USAGE = YES_ERROR;
				CLANG_WARN_DOCUMENTATION_COMMENTS = YES;
				CLANG_WARN_EMPTY_BODY = YES;
				CLANG_WARN_ENUM_CONVERSION = YES;
				CLANG_WARN_INFINITE_RECURSION = YES;
				CLANG_WARN_INT_CONVERSION = YES;
				CLANG_WARN_NON_LITERAL_NULL_CONVERSION = YES;
				CLANG_WARN_OBJC_IMPLICIT_RETAIN_SELF = YES;
				CLANG_WARN_OBJC_LITERAL_CONVERSION = YES;
				CLANG_WARN_OBJC_ROOT_CLASS = YES_ERROR;
				CLANG_WARN_QUOTED_INCLUDE_IN_FRAMEWORK_HEADER = YES;
				CLANG_WARN_RANGE_LOOP_ANALYSIS = YES;
				CLANG_WARN_STRICT_PROTOTYPES = YES;
				CLANG_WARN_SUSPICIOUS_MOVE = YES;
				CLANG_WARN_UNGUARDED_AVAILABILITY = YES_AGGRESSIVE;
				CLANG_WARN_UNREACHABLE_CODE = YES;
				CLANG_WARN__DUPLICATE_METHOD_MATCH = YES;
				COPY_PHASE_STRIP = NO;
				DEBUG_INFORMATION_FORMAT = "dwarf-with-dsym";
				ENABLE_NS_ASSERTIONS = NO;
				ENABLE_STRICT_OBJC_MSGSEND = YES;
				GCC_C_LANGUAGE_STANDARD = gnu11;
				GCC_NO_COMMON_BLOCKS = YES;
				GCC_WARN_64_TO_32_BIT_CONVERSION = YES;
				GCC_WARN_ABOUT_RETURN_TYPE = YES_ERROR;
				GCC_WARN_UNDECLARED_SELECTOR = YES;
				GCC_WARN_UNINITIALIZED_AUTOS = YES_AGGRESSIVE;
				GCC_WARN_UNUSED_FUNCTION = YES;
				GCC_WARN_UNUSED_VARIABLE = YES;
				IPHONEOS_DEPLOYMENT_TARGET = 13.0;
				MTL_ENABLE_DEBUG_INFO = NO;
				MTL_FAST_MATH = YES;
				SDKROOT = iphoneos;
				SWIFT_COMPILATION_MODE = wholemodule;
				SWIFT_OPTIMIZATION_LEVEL = "-O";
				VALIDATE_PRODUCT = YES;
			};
			name = Release;
		};
		D961CD03274035BC00AFA90A /* Debug */ = {
			isa = XCBuildConfiguration;
			baseConfigurationReference = 104E4EE20EFC80603764C75B /* Pods-AbstractorLocal.debug.xcconfig */;
			buildSettings = {
				ASSETCATALOG_COMPILER_APPICON_NAME = AppIcon;
				ASSETCATALOG_COMPILER_GLOBAL_ACCENT_COLOR_NAME = AccentColor;
				CODE_SIGN_STYLE = Automatic;
				CURRENT_PROJECT_VERSION = 1;
				DEVELOPMENT_TEAM = 4457PW9889;
				GENERATE_INFOPLIST_FILE = YES;
				INFOPLIST_FILE = AbstractorLocal/Info.plist;
				INFOPLIST_KEY_UIApplicationSupportsIndirectInputEvents = YES;
				INFOPLIST_KEY_UILaunchStoryboardName = LaunchScreen;
				INFOPLIST_KEY_UIMainStoryboardFile = Main;
				INFOPLIST_KEY_UISupportedInterfaceOrientations_iPad = "UIInterfaceOrientationPortrait UIInterfaceOrientationPortraitUpsideDown UIInterfaceOrientationLandscapeLeft UIInterfaceOrientationLandscapeRight";
				INFOPLIST_KEY_UISupportedInterfaceOrientations_iPhone = "UIInterfaceOrientationPortrait UIInterfaceOrientationLandscapeLeft UIInterfaceOrientationLandscapeRight";
				LD_RUNPATH_SEARCH_PATHS = (
					"$(inherited)",
					"@executable_path/Frameworks",
				);
				MARKETING_VERSION = 1.0;
				PRODUCT_BUNDLE_IDENTIFIER = com.AbstractorLocal;
				PRODUCT_NAME = "$(TARGET_NAME)";
				SWIFT_EMIT_LOC_STRINGS = YES;
				SWIFT_VERSION = 5.0;
				TARGETED_DEVICE_FAMILY = "1,2";
			};
			name = Debug;
		};
		D961CD04274035BC00AFA90A /* Release */ = {
			isa = XCBuildConfiguration;
			baseConfigurationReference = 56ECF90F6E5BDA5638D34E26 /* Pods-AbstractorLocal.release.xcconfig */;
			buildSettings = {
				ASSETCATALOG_COMPILER_APPICON_NAME = AppIcon;
				ASSETCATALOG_COMPILER_GLOBAL_ACCENT_COLOR_NAME = AccentColor;
				CODE_SIGN_STYLE = Automatic;
				CURRENT_PROJECT_VERSION = 1;
				DEVELOPMENT_TEAM = 4457PW9889;
				GENERATE_INFOPLIST_FILE = YES;
				INFOPLIST_FILE = AbstractorLocal/Info.plist;
				INFOPLIST_KEY_UIApplicationSupportsIndirectInputEvents = YES;
				INFOPLIST_KEY_UILaunchStoryboardName = LaunchScreen;
				INFOPLIST_KEY_UIMainStoryboardFile = Main;
				INFOPLIST_KEY_UISupportedInterfaceOrientations_iPad = "UIInterfaceOrientationPortrait UIInterfaceOrientationPortraitUpsideDown UIInterfaceOrientationLandscapeLeft UIInterfaceOrientationLandscapeRight";
				INFOPLIST_KEY_UISupportedInterfaceOrientations_iPhone = "UIInterfaceOrientationPortrait UIInterfaceOrientationLandscapeLeft UIInterfaceOrientationLandscapeRight";
				LD_RUNPATH_SEARCH_PATHS = (
					"$(inherited)",
					"@executable_path/Frameworks",
				);
				MARKETING_VERSION = 1.0;
				PRODUCT_BUNDLE_IDENTIFIER = com.AbstractorLocal;
				PRODUCT_NAME = "$(TARGET_NAME)";
				SWIFT_EMIT_LOC_STRINGS = YES;
				SWIFT_VERSION = 5.0;
				TARGETED_DEVICE_FAMILY = "1,2";
			};
			name = Release;
		};
/* End XCBuildConfiguration section */

/* Begin XCConfigurationList section */
		D961CCE6274035B800AFA90A /* Build configuration list for PBXProject "AbstractorLocal" */ = {
			isa = XCConfigurationList;
			buildConfigurations = (
				D961CD00274035BC00AFA90A /* Debug */,
				D961CD01274035BC00AFA90A /* Release */,
			);
			defaultConfigurationIsVisible = 0;
			defaultConfigurationName = Release;
		};
		D961CD02274035BC00AFA90A /* Build configuration list for PBXNativeTarget "AbstractorLocal" */ = {
			isa = XCConfigurationList;
			buildConfigurations = (
				D961CD03274035BC00AFA90A /* Debug */,
				D961CD04274035BC00AFA90A /* Release */,
			);
			defaultConfigurationIsVisible = 0;
			defaultConfigurationName = Release;
		};
/* End XCConfigurationList section */

/* Begin XCVersionGroup section */
		D961CCF7274035B800AFA90A /* AbstractorLocal.xcdatamodeld */ = {
			isa = XCVersionGroup;
			children = (
				D961CCF8274035B800AFA90A /* AbstractorLocal.xcdatamodel */,
			);
			currentVersion = D961CCF8274035B800AFA90A /* AbstractorLocal.xcdatamodel */;
			path = AbstractorLocal.xcdatamodeld;
			sourceTree = "<group>";
			versionGroupType = wrapper.xcdatamodel;
		};
/* End XCVersionGroup section */
	};
	rootObject = D961CCE3274035B800AFA90A /* Project object */;
}
